# THIS IS AN AUTOGENERATED FILE. DO NOT EDIT THIS FILE DIRECTLY.
# yarn lockfile v1


"@devcontainers/cli@^0.56.0":
  version "0.56.0"
  resolved "https://registry.yarnpkg.com/@devcontainers/cli/-/cli-0.56.0.tgz#1cbc8c92395eb3563be256c75978cc4b083ea771"
  integrity sha512-RnYPyPK7pTSdesbm1ZmjJledOs5e0mIjq66Lb14yjum/mknGs8MavO5KgoyAyQbgbsshfBjEbijVc24IL/uNGA==
